// !$*UTF8*$!
{
	archiveVersion = 1;
	classes = {
	};
	objectVersion = 46;
	objects = {

/* Begin PBXBuildFile section */
		6862BA48665649378AC0462B /* libPods.a in Frameworks */ = {isa = PBXBuildFile; fileRef = 2127C0710965413FBE553ECA /* libPods.a */; };
		A704C7861922AF7F00ED9E36 /* Channels.json in Resources */ = {isa = PBXBuildFile; fileRef = A704C7851922AF7F00ED9E36 /* Channels.json */; };
		A708106F1906E00A0087EB82 /* RUBusData.m in Sources */ = {isa = PBXBuildFile; fileRef = A708106E1906E00A0087EB82 /* RUBusData.m */; };
		A70810721906E0260087EB82 /* RUBusStop.m in Sources */ = {isa = PBXBuildFile; fileRef = A70810711906E0260087EB82 /* RUBusStop.m */; };
		A70810751906E02D0087EB82 /* RUBusRoute.m in Sources */ = {isa = PBXBuildFile; fileRef = A70810741906E02D0087EB82 /* RUBusRoute.m */; };
		A70810771906EE6E0087EB82 /* MapKit.framework in Frameworks */ = {isa = PBXBuildFile; fileRef = A70810761906EE6E0087EB82 /* MapKit.framework */; };
		A73248F7190E2B8F008DF9A8 /* AFXMLResponseSerializer.m in Sources */ = {isa = PBXBuildFile; fileRef = A73248F6190E2B8F008DF9A8 /* AFXMLResponseSerializer.m */; };
		A73F485D1905AB8100978FD6 /* RUBusViewController.m in Sources */ = {isa = PBXBuildFile; fileRef = A73F485C1905AB8100978FD6 /* RUBusViewController.m */; };
		A748ECEA1915D78F00CB91FF /* NSDictionary+FilterDictionary.m in Sources */ = {isa = PBXBuildFile; fileRef = A748ECE91915D78F00CB91FF /* NSDictionary+FilterDictionary.m */; };
		A748ECED191602C400CB91FF /* RULocationManager.m in Sources */ = {isa = PBXBuildFile; fileRef = A748ECEC191602C400CB91FF /* RULocationManager.m */; };
		A75B0AA719098DD900A57149 /* RUPredictionsViewController.m in Sources */ = {isa = PBXBuildFile; fileRef = A75B0AA619098DD900A57149 /* RUPredictionsViewController.m */; };
		A75B0AAB1909A0D200A57149 /* RUPredictionTableViewCell.m in Sources */ = {isa = PBXBuildFile; fileRef = A75B0AA91909A0D200A57149 /* RUPredictionTableViewCell.m */; };
		A75B0AAC1909A0D200A57149 /* RUPredictionTableViewCell.xib in Resources */ = {isa = PBXBuildFile; fileRef = A75B0AAA1909A0D200A57149 /* RUPredictionTableViewCell.xib */; };
		A76992C71934E63D008C64EE /* EZTableViewSection.m in Sources */ = {isa = PBXBuildFile; fileRef = A76992BD1934E63D008C64EE /* EZTableViewSection.m */; };
		A76992C81934E63D008C64EE /* EZTableViewRow.m in Sources */ = {isa = PBXBuildFile; fileRef = A76992BF1934E63D008C64EE /* EZTableViewRow.m */; };
		A76992C91934E63D008C64EE /* EZTableViewController.m in Sources */ = {isa = PBXBuildFile; fileRef = A76992C11934E63D008C64EE /* EZTableViewController.m */; };
		A76992CA1934E63D008C64EE /* EZTableViewCell.m in Sources */ = {isa = PBXBuildFile; fileRef = A76992C31934E63D008C64EE /* EZTableViewCell.m */; };
		A76992CB1934E63D008C64EE /* EZTableViewAbstractCell.m in Sources */ = {isa = PBXBuildFile; fileRef = A76992C51934E63D008C64EE /* EZTableViewAbstractCell.m */; };
		A769930B1934E9C1008C64EE /* RURecCenterHoursHeaderRow.m in Sources */ = {isa = PBXBuildFile; fileRef = A76993001934E9C1008C64EE /* RURecCenterHoursHeaderRow.m */; };
		A769930C1934E9C1008C64EE /* RURecCenterHoursHeaderTableViewCell.m in Sources */ = {isa = PBXBuildFile; fileRef = A76993021934E9C1008C64EE /* RURecCenterHoursHeaderTableViewCell.m */; };
		A769930D1934E9C1008C64EE /* RURecCenterHoursSection.m in Sources */ = {isa = PBXBuildFile; fileRef = A76993041934E9C1008C64EE /* RURecCenterHoursSection.m */; };
		A769930E1934E9C1008C64EE /* RURecCenterMeetingAreaRow.m in Sources */ = {isa = PBXBuildFile; fileRef = A76993061934E9C1008C64EE /* RURecCenterMeetingAreaRow.m */; };
		A769930F1934E9C1008C64EE /* RURecCenterMeetingAreaTableViewCell.m in Sources */ = {isa = PBXBuildFile; fileRef = A76993081934E9C1008C64EE /* RURecCenterMeetingAreaTableViewCell.m */; };
		A76993141934F08C008C64EE /* recreation.m in Sources */ = {isa = PBXBuildFile; fileRef = A76993131934F08C008C64EE /* recreation.m */; };
		A769931A1934F10E008C64EE /* RURecCenterViewController.m in Sources */ = {isa = PBXBuildFile; fileRef = A76993191934F10E008C64EE /* RURecCenterViewController.m */; };
		A769931D19350FB9008C64EE /* NSUserDefaults+MKMapRect.m in Sources */ = {isa = PBXBuildFile; fileRef = A769931C19350FB9008C64EE /* NSUserDefaults+MKMapRect.m */; };
		A77028B4191EC2BA003F5D28 /* RUNutritionLabelViewController.m in Sources */ = {isa = PBXBuildFile; fileRef = A77028B3191EC2BA003F5D28 /* RUNutritionLabelViewController.m */; };
		A777C2AD190AF0DA00F978D7 /* RUPlacesTableViewController.m in Sources */ = {isa = PBXBuildFile; fileRef = A777C2AC190AF0DA00F978D7 /* RUPlacesTableViewController.m */; };
		A777C2B0190B35C400F978D7 /* RUPlacesData.m in Sources */ = {isa = PBXBuildFile; fileRef = A777C2AF190B35C400F978D7 /* RUPlacesData.m */; };
		A777C2B2190C243100F978D7 /* rockoff.gpx in Resources */ = {isa = PBXBuildFile; fileRef = A777C2B1190C243100F978D7 /* rockoff.gpx */; };
		A777C2B4190C248500F978D7 /* barr.gpx in Resources */ = {isa = PBXBuildFile; fileRef = A777C2B3190C248500F978D7 /* barr.gpx */; };
		A7910E5819181847002DA45F /* MessageUI.framework in Frameworks */ = {isa = PBXBuildFile; fileRef = A7910E5719181847002DA45F /* MessageUI.framework */; };
		A794EBEB19005D91006E040C /* RUReaderTableViewCell.m in Sources */ = {isa = PBXBuildFile; fileRef = A794EBE919005D91006E040C /* RUReaderTableViewCell.m */; };
		A794EBEC19005D91006E040C /* RUReaderTableViewCell.xib in Resources */ = {isa = PBXBuildFile; fileRef = A794EBEA19005D91006E040C /* RUReaderTableViewCell.xib */; };
		A79BBE2718FF0B66007136B0 /* dtable.m in Sources */ = {isa = PBXBuildFile; fileRef = A79BBE2618FF0B66007136B0 /* dtable.m */; };
		A79BBE3318FF1085007136B0 /* Reader.m in Sources */ = {isa = PBXBuildFile; fileRef = A79BBE3218FF1085007136B0 /* Reader.m */; };
		A7B2D995190EDBAC003ABEA3 /* RUPlaceDetailTableViewController.m in Sources */ = {isa = PBXBuildFile; fileRef = A7B2D994190EDBAC003ABEA3 /* RUPlaceDetailTableViewController.m */; };
		A7B2D998190EE7DF003ABEA3 /* TTTAddressFormatter.m in Sources */ = {isa = PBXBuildFile; fileRef = A7B2D997190EE7DF003ABEA3 /* TTTAddressFormatter.m */; };
		A7B435E91912DFBB001FE8B6 /* RUFoodData.m in Sources */ = {isa = PBXBuildFile; fileRef = A7B435E81912DFBB001FE8B6 /* RUFoodData.m */; };
		A7B435EF1912E286001FE8B6 /* RUFoodViewController.m in Sources */ = {isa = PBXBuildFile; fileRef = A7B435EE1912E286001FE8B6 /* RUFoodViewController.m */; };
		A7B435F21912EB29001FE8B6 /* RUDiningHallViewController.m in Sources */ = {isa = PBXBuildFile; fileRef = A7B435F11912EB29001FE8B6 /* RUDiningHallViewController.m */; };
		A7B435F51912EB4E001FE8B6 /* RUMealViewController.m in Sources */ = {isa = PBXBuildFile; fileRef = A7B435F41912EB4E001FE8B6 /* RUMealViewController.m */; };
		A7B436681914C0F2001FE8B6 /* NSArray+RUBusStop.m in Sources */ = {isa = PBXBuildFile; fileRef = A7B436671914C0F2001FE8B6 /* NSArray+RUBusStop.m */; };
		A7B970C8192075F40070A414 /* RUMapsData.m in Sources */ = {isa = PBXBuildFile; fileRef = A7B970C2192075F40070A414 /* RUMapsData.m */; };
		A7B970C9192075F40070A414 /* RUMapsTileOverlay.m in Sources */ = {isa = PBXBuildFile; fileRef = A7B970C4192075F40070A414 /* RUMapsTileOverlay.m */; };
		A7B970CA192075F40070A414 /* RUMapsViewController.m in Sources */ = {isa = PBXBuildFile; fileRef = A7B970C6192075F40070A414 /* RUMapsViewController.m */; };
		A7B970CD19215F910070A414 /* RUNetworkManager.m in Sources */ = {isa = PBXBuildFile; fileRef = A7B970CC19215F910070A414 /* RUNetworkManager.m */; };
		A7B970D21921603E0070A414 /* RUChannelManager.m in Sources */ = {isa = PBXBuildFile; fileRef = A7B970D11921603E0070A414 /* RUChannelManager.m */; };
		A7CC988B1914D9FE00EB1BA0 /* iPhoneStoryboard.storyboard in Resources */ = {isa = PBXBuildFile; fileRef = A7CC988A1914D9FE00EB1BA0 /* iPhoneStoryboard.storyboard */; };
		A7E8E12C192464870089F166 /* UIColor+RutgersColors.m in Sources */ = {isa = PBXBuildFile; fileRef = A7E8E12B192464870089F166 /* UIColor+RutgersColors.m */; };
		A7E8E133192480A60089F166 /* www.m in Sources */ = {isa = PBXBuildFile; fileRef = A7E8E132192480A60089F166 /* www.m */; };
		A7E8E137192484B00089F166 /* text.m in Sources */ = {isa = PBXBuildFile; fileRef = A7E8E136192484B00089F166 /* text.m */; };
		A7E8E13C192547190089F166 /* RURootController.m in Sources */ = {isa = PBXBuildFile; fileRef = A7E8E13B192547190089F166 /* RURootController.m */; };
		A7E8E13F192554260089F166 /* NSDictionary+Channel.m in Sources */ = {isa = PBXBuildFile; fileRef = A7E8E13E192554260089F166 /* NSDictionary+Channel.m */; };
		A7E8E14619255E710089F166 /* RUSidePanelController.m in Sources */ = {isa = PBXBuildFile; fileRef = A7E8E14519255E710089F166 /* RUSidePanelController.m */; };
		C262EFAC188345D10035C8F5 /* Foundation.framework in Frameworks */ = {isa = PBXBuildFile; fileRef = C262EFAB188345D10035C8F5 /* Foundation.framework */; };
		C262EFAE188345D10035C8F5 /* CoreGraphics.framework in Frameworks */ = {isa = PBXBuildFile; fileRef = C262EFAD188345D10035C8F5 /* CoreGraphics.framework */; };
		C262EFB0188345D10035C8F5 /* UIKit.framework in Frameworks */ = {isa = PBXBuildFile; fileRef = C262EFAF188345D10035C8F5 /* UIKit.framework */; };
		C262EFB6188345D10035C8F5 /* InfoPlist.strings in Resources */ = {isa = PBXBuildFile; fileRef = C262EFB4188345D10035C8F5 /* InfoPlist.strings */; };
		C262EFB8188345D10035C8F5 /* main.m in Sources */ = {isa = PBXBuildFile; fileRef = C262EFB7188345D10035C8F5 /* main.m */; };
		C262EFBC188345D10035C8F5 /* RUAppDelegate.m in Sources */ = {isa = PBXBuildFile; fileRef = C262EFBB188345D10035C8F5 /* RUAppDelegate.m */; };
		C262EFBE188345D10035C8F5 /* Images.xcassets in Resources */ = {isa = PBXBuildFile; fileRef = C262EFBD188345D10035C8F5 /* Images.xcassets */; };
		C262EFC5188345D10035C8F5 /* XCTest.framework in Frameworks */ = {isa = PBXBuildFile; fileRef = C262EFC4188345D10035C8F5 /* XCTest.framework */; };
		C262EFC6188345D10035C8F5 /* Foundation.framework in Frameworks */ = {isa = PBXBuildFile; fileRef = C262EFAB188345D10035C8F5 /* Foundation.framework */; };
		C262EFC7188345D10035C8F5 /* UIKit.framework in Frameworks */ = {isa = PBXBuildFile; fileRef = C262EFAF188345D10035C8F5 /* UIKit.framework */; };
		C262EFCF188345D10035C8F5 /* InfoPlist.strings in Resources */ = {isa = PBXBuildFile; fileRef = C262EFCD188345D10035C8F5 /* InfoPlist.strings */; };
		C262EFD1188345D10035C8F5 /* RutgersTests.m in Sources */ = {isa = PBXBuildFile; fileRef = C262EFD0188345D10035C8F5 /* RutgersTests.m */; };
		C262EFDC1883473E0035C8F5 /* RUMenuViewController.m in Sources */ = {isa = PBXBuildFile; fileRef = C262EFDB1883473E0035C8F5 /* RUMenuViewController.m */; };
/* End PBXBuildFile section */

/* Begin PBXContainerItemProxy section */
		C262EFC8188345D10035C8F5 /* PBXContainerItemProxy */ = {
			isa = PBXContainerItemProxy;
			containerPortal = C262EFA0188345D10035C8F5 /* Project object */;
			proxyType = 1;
			remoteGlobalIDString = C262EFA7188345D10035C8F5;
			remoteInfo = Rutgers;
		};
/* End PBXContainerItemProxy section */

/* Begin PBXFileReference section */
		2127C0710965413FBE553ECA /* libPods.a */ = {isa = PBXFileReference; explicitFileType = archive.ar; includeInIndex = 0; path = libPods.a; sourceTree = BUILT_PRODUCTS_DIR; };
		6DB61C3F48194968B9D64C1C /* Pods.xcconfig */ = {isa = PBXFileReference; includeInIndex = 1; lastKnownFileType = text.xcconfig; name = Pods.xcconfig; path = Pods/Pods.xcconfig; sourceTree = "<group>"; };
		A704C7821921E9EE00ED9E36 /* RUComponentProtocol.h */ = {isa = PBXFileReference; fileEncoding = 4; lastKnownFileType = sourcecode.c.h; path = RUComponentProtocol.h; sourceTree = "<group>"; };
		A704C7851922AF7F00ED9E36 /* Channels.json */ = {isa = PBXFileReference; fileEncoding = 4; lastKnownFileType = text.json; path = Channels.json; sourceTree = "<group>"; };
		A708106D1906E00A0087EB82 /* RUBusData.h */ = {isa = PBXFileReference; fileEncoding = 4; lastKnownFileType = sourcecode.c.h; path = RUBusData.h; sourceTree = "<group>"; };
		A708106E1906E00A0087EB82 /* RUBusData.m */ = {isa = PBXFileReference; fileEncoding = 4; lastKnownFileType = sourcecode.c.objc; path = RUBusData.m; sourceTree = "<group>"; };
		A70810701906E0260087EB82 /* RUBusStop.h */ = {isa = PBXFileReference; fileEncoding = 4; lastKnownFileType = sourcecode.c.h; path = RUBusStop.h; sourceTree = "<group>"; };
		A70810711906E0260087EB82 /* RUBusStop.m */ = {isa = PBXFileReference; fileEncoding = 4; lastKnownFileType = sourcecode.c.objc; path = RUBusStop.m; sourceTree = "<group>"; };
		A70810731906E02D0087EB82 /* RUBusRoute.h */ = {isa = PBXFileReference; fileEncoding = 4; lastKnownFileType = sourcecode.c.h; path = RUBusRoute.h; sourceTree = "<group>"; };
		A70810741906E02D0087EB82 /* RUBusRoute.m */ = {isa = PBXFileReference; fileEncoding = 4; lastKnownFileType = sourcecode.c.objc; path = RUBusRoute.m; sourceTree = "<group>"; };
		A70810761906EE6E0087EB82 /* MapKit.framework */ = {isa = PBXFileReference; lastKnownFileType = wrapper.framework; name = MapKit.framework; path = System/Library/Frameworks/MapKit.framework; sourceTree = SDKROOT; };
		A73248F5190E2B8F008DF9A8 /* AFXMLResponseSerializer.h */ = {isa = PBXFileReference; fileEncoding = 4; lastKnownFileType = sourcecode.c.h; path = AFXMLResponseSerializer.h; sourceTree = "<group>"; };
		A73248F6190E2B8F008DF9A8 /* AFXMLResponseSerializer.m */ = {isa = PBXFileReference; fileEncoding = 4; lastKnownFileType = sourcecode.c.objc; path = AFXMLResponseSerializer.m; sourceTree = "<group>"; };
		A73F485B1905AB8100978FD6 /* RUBusViewController.h */ = {isa = PBXFileReference; fileEncoding = 4; lastKnownFileType = sourcecode.c.h; path = RUBusViewController.h; sourceTree = "<group>"; };
		A73F485C1905AB8100978FD6 /* RUBusViewController.m */ = {isa = PBXFileReference; fileEncoding = 4; lastKnownFileType = sourcecode.c.objc; path = RUBusViewController.m; sourceTree = "<group>"; };
		A748ECE81915D78F00CB91FF /* NSDictionary+FilterDictionary.h */ = {isa = PBXFileReference; fileEncoding = 4; lastKnownFileType = sourcecode.c.h; path = "NSDictionary+FilterDictionary.h"; sourceTree = "<group>"; };
		A748ECE91915D78F00CB91FF /* NSDictionary+FilterDictionary.m */ = {isa = PBXFileReference; fileEncoding = 4; lastKnownFileType = sourcecode.c.objc; path = "NSDictionary+FilterDictionary.m"; sourceTree = "<group>"; };
		A748ECEB191602C400CB91FF /* RULocationManager.h */ = {isa = PBXFileReference; fileEncoding = 4; lastKnownFileType = sourcecode.c.h; path = RULocationManager.h; sourceTree = "<group>"; };
		A748ECEC191602C400CB91FF /* RULocationManager.m */ = {isa = PBXFileReference; fileEncoding = 4; lastKnownFileType = sourcecode.c.objc; path = RULocationManager.m; sourceTree = "<group>"; };
		A75B0AA519098DD900A57149 /* RUPredictionsViewController.h */ = {isa = PBXFileReference; fileEncoding = 4; lastKnownFileType = sourcecode.c.h; path = RUPredictionsViewController.h; sourceTree = "<group>"; };
		A75B0AA619098DD900A57149 /* RUPredictionsViewController.m */ = {isa = PBXFileReference; fileEncoding = 4; lastKnownFileType = sourcecode.c.objc; path = RUPredictionsViewController.m; sourceTree = "<group>"; };
		A75B0AA81909A0D200A57149 /* RUPredictionTableViewCell.h */ = {isa = PBXFileReference; fileEncoding = 4; lastKnownFileType = sourcecode.c.h; path = RUPredictionTableViewCell.h; sourceTree = "<group>"; };
		A75B0AA91909A0D200A57149 /* RUPredictionTableViewCell.m */ = {isa = PBXFileReference; fileEncoding = 4; lastKnownFileType = sourcecode.c.objc; path = RUPredictionTableViewCell.m; sourceTree = "<group>"; };
		A75B0AAA1909A0D200A57149 /* RUPredictionTableViewCell.xib */ = {isa = PBXFileReference; fileEncoding = 4; lastKnownFileType = file.xib; path = RUPredictionTableViewCell.xib; sourceTree = "<group>"; };
		A76992BD1934E63D008C64EE /* EZTableViewSection.m */ = {isa = PBXFileReference; fileEncoding = 4; lastKnownFileType = sourcecode.c.objc; path = EZTableViewSection.m; sourceTree = "<group>"; };
		A76992BE1934E63D008C64EE /* EZTableViewSection.h */ = {isa = PBXFileReference; fileEncoding = 4; lastKnownFileType = sourcecode.c.h; path = EZTableViewSection.h; sourceTree = "<group>"; };
		A76992BF1934E63D008C64EE /* EZTableViewRow.m */ = {isa = PBXFileReference; fileEncoding = 4; lastKnownFileType = sourcecode.c.objc; path = EZTableViewRow.m; sourceTree = "<group>"; };
		A76992C01934E63D008C64EE /* EZTableViewRow.h */ = {isa = PBXFileReference; fileEncoding = 4; lastKnownFileType = sourcecode.c.h; path = EZTableViewRow.h; sourceTree = "<group>"; };
		A76992C11934E63D008C64EE /* EZTableViewController.m */ = {isa = PBXFileReference; fileEncoding = 4; lastKnownFileType = sourcecode.c.objc; path = EZTableViewController.m; sourceTree = "<group>"; };
		A76992C21934E63D008C64EE /* EZTableViewController.h */ = {isa = PBXFileReference; fileEncoding = 4; lastKnownFileType = sourcecode.c.h; path = EZTableViewController.h; sourceTree = "<group>"; };
		A76992C31934E63D008C64EE /* EZTableViewCell.m */ = {isa = PBXFileReference; fileEncoding = 4; lastKnownFileType = sourcecode.c.objc; path = EZTableViewCell.m; sourceTree = "<group>"; };
		A76992C41934E63D008C64EE /* EZTableViewCell.h */ = {isa = PBXFileReference; fileEncoding = 4; lastKnownFileType = sourcecode.c.h; path = EZTableViewCell.h; sourceTree = "<group>"; };
		A76992C51934E63D008C64EE /* EZTableViewAbstractCell.m */ = {isa = PBXFileReference; fileEncoding = 4; lastKnownFileType = sourcecode.c.objc; path = EZTableViewAbstractCell.m; sourceTree = "<group>"; };
		A76992C61934E63D008C64EE /* EZTableViewAbstractCell.h */ = {isa = PBXFileReference; fileEncoding = 4; lastKnownFileType = sourcecode.c.h; path = EZTableViewAbstractCell.h; sourceTree = "<group>"; };
		A76992FF1934E9C1008C64EE /* RURecCenterHoursHeaderRow.h */ = {isa = PBXFileReference; fileEncoding = 4; lastKnownFileType = sourcecode.c.h; name = RURecCenterHoursHeaderRow.h; path = Rutgers/RURecCenterHoursHeaderRow.h; sourceTree = SOURCE_ROOT; };
		A76993001934E9C1008C64EE /* RURecCenterHoursHeaderRow.m */ = {isa = PBXFileReference; fileEncoding = 4; lastKnownFileType = sourcecode.c.objc; name = RURecCenterHoursHeaderRow.m; path = Rutgers/RURecCenterHoursHeaderRow.m; sourceTree = SOURCE_ROOT; };
		A76993011934E9C1008C64EE /* RURecCenterHoursHeaderTableViewCell.h */ = {isa = PBXFileReference; fileEncoding = 4; lastKnownFileType = sourcecode.c.h; name = RURecCenterHoursHeaderTableViewCell.h; path = Rutgers/RURecCenterHoursHeaderTableViewCell.h; sourceTree = SOURCE_ROOT; };
		A76993021934E9C1008C64EE /* RURecCenterHoursHeaderTableViewCell.m */ = {isa = PBXFileReference; fileEncoding = 4; lastKnownFileType = sourcecode.c.objc; name = RURecCenterHoursHeaderTableViewCell.m; path = Rutgers/RURecCenterHoursHeaderTableViewCell.m; sourceTree = SOURCE_ROOT; };
		A76993031934E9C1008C64EE /* RURecCenterHoursSection.h */ = {isa = PBXFileReference; fileEncoding = 4; lastKnownFileType = sourcecode.c.h; name = RURecCenterHoursSection.h; path = Rutgers/RURecCenterHoursSection.h; sourceTree = SOURCE_ROOT; };
		A76993041934E9C1008C64EE /* RURecCenterHoursSection.m */ = {isa = PBXFileReference; fileEncoding = 4; lastKnownFileType = sourcecode.c.objc; name = RURecCenterHoursSection.m; path = Rutgers/RURecCenterHoursSection.m; sourceTree = SOURCE_ROOT; };
		A76993051934E9C1008C64EE /* RURecCenterMeetingAreaRow.h */ = {isa = PBXFileReference; fileEncoding = 4; lastKnownFileType = sourcecode.c.h; name = RURecCenterMeetingAreaRow.h; path = Rutgers/RURecCenterMeetingAreaRow.h; sourceTree = SOURCE_ROOT; };
		A76993061934E9C1008C64EE /* RURecCenterMeetingAreaRow.m */ = {isa = PBXFileReference; fileEncoding = 4; lastKnownFileType = sourcecode.c.objc; name = RURecCenterMeetingAreaRow.m; path = Rutgers/RURecCenterMeetingAreaRow.m; sourceTree = SOURCE_ROOT; };
		A76993071934E9C1008C64EE /* RURecCenterMeetingAreaTableViewCell.h */ = {isa = PBXFileReference; fileEncoding = 4; lastKnownFileType = sourcecode.c.h; name = RURecCenterMeetingAreaTableViewCell.h; path = Rutgers/RURecCenterMeetingAreaTableViewCell.h; sourceTree = SOURCE_ROOT; };
		A76993081934E9C1008C64EE /* RURecCenterMeetingAreaTableViewCell.m */ = {isa = PBXFileReference; fileEncoding = 4; lastKnownFileType = sourcecode.c.objc; name = RURecCenterMeetingAreaTableViewCell.m; path = Rutgers/RURecCenterMeetingAreaTableViewCell.m; sourceTree = SOURCE_ROOT; };
		A76993121934F08C008C64EE /* recreation.h */ = {isa = PBXFileReference; fileEncoding = 4; lastKnownFileType = sourcecode.c.h; name = recreation.h; path = Rutgers/recreation.h; sourceTree = SOURCE_ROOT; };
		A76993131934F08C008C64EE /* recreation.m */ = {isa = PBXFileReference; fileEncoding = 4; lastKnownFileType = sourcecode.c.objc; name = recreation.m; path = Rutgers/recreation.m; sourceTree = SOURCE_ROOT; };
		A76993181934F10E008C64EE /* RURecCenterViewController.h */ = {isa = PBXFileReference; fileEncoding = 4; lastKnownFileType = sourcecode.c.h; name = RURecCenterViewController.h; path = Rutgers/RURecCenterViewController.h; sourceTree = SOURCE_ROOT; };
		A76993191934F10E008C64EE /* RURecCenterViewController.m */ = {isa = PBXFileReference; fileEncoding = 4; lastKnownFileType = sourcecode.c.objc; name = RURecCenterViewController.m; path = Rutgers/RURecCenterViewController.m; sourceTree = SOURCE_ROOT; };
		A769931B19350FB9008C64EE /* NSUserDefaults+MKMapRect.h */ = {isa = PBXFileReference; fileEncoding = 4; lastKnownFileType = sourcecode.c.h; path = "NSUserDefaults+MKMapRect.h"; sourceTree = "<group>"; };
		A769931C19350FB9008C64EE /* NSUserDefaults+MKMapRect.m */ = {isa = PBXFileReference; fileEncoding = 4; lastKnownFileType = sourcecode.c.objc; path = "NSUserDefaults+MKMapRect.m"; sourceTree = "<group>"; };
		A77028B2191EC2BA003F5D28 /* RUNutritionLabelViewController.h */ = {isa = PBXFileReference; fileEncoding = 4; lastKnownFileType = sourcecode.c.h; path = RUNutritionLabelViewController.h; sourceTree = "<group>"; };
		A77028B3191EC2BA003F5D28 /* RUNutritionLabelViewController.m */ = {isa = PBXFileReference; fileEncoding = 4; lastKnownFileType = sourcecode.c.objc; path = RUNutritionLabelViewController.m; sourceTree = "<group>"; };
		A777C2AB190AF0DA00F978D7 /* RUPlacesTableViewController.h */ = {isa = PBXFileReference; fileEncoding = 4; lastKnownFileType = sourcecode.c.h; path = RUPlacesTableViewController.h; sourceTree = "<group>"; };
		A777C2AC190AF0DA00F978D7 /* RUPlacesTableViewController.m */ = {isa = PBXFileReference; fileEncoding = 4; lastKnownFileType = sourcecode.c.objc; path = RUPlacesTableViewController.m; sourceTree = "<group>"; };
		A777C2AE190B35C400F978D7 /* RUPlacesData.h */ = {isa = PBXFileReference; fileEncoding = 4; lastKnownFileType = sourcecode.c.h; path = RUPlacesData.h; sourceTree = "<group>"; };
		A777C2AF190B35C400F978D7 /* RUPlacesData.m */ = {isa = PBXFileReference; fileEncoding = 4; lastKnownFileType = sourcecode.c.objc; path = RUPlacesData.m; sourceTree = "<group>"; };
		A777C2B1190C243100F978D7 /* rockoff.gpx */ = {isa = PBXFileReference; fileEncoding = 4; lastKnownFileType = text.xml; path = rockoff.gpx; sourceTree = "<group>"; };
		A777C2B3190C248500F978D7 /* barr.gpx */ = {isa = PBXFileReference; fileEncoding = 4; lastKnownFileType = text.xml; path = barr.gpx; sourceTree = "<group>"; };
		A7910E5719181847002DA45F /* MessageUI.framework */ = {isa = PBXFileReference; lastKnownFileType = wrapper.framework; name = MessageUI.framework; path = System/Library/Frameworks/MessageUI.framework; sourceTree = SDKROOT; };
		A794EBE819005D91006E040C /* RUReaderTableViewCell.h */ = {isa = PBXFileReference; fileEncoding = 4; lastKnownFileType = sourcecode.c.h; path = RUReaderTableViewCell.h; sourceTree = "<group>"; };
		A794EBE919005D91006E040C /* RUReaderTableViewCell.m */ = {isa = PBXFileReference; fileEncoding = 4; lastKnownFileType = sourcecode.c.objc; path = RUReaderTableViewCell.m; sourceTree = "<group>"; };
		A794EBEA19005D91006E040C /* RUReaderTableViewCell.xib */ = {isa = PBXFileReference; fileEncoding = 4; lastKnownFileType = file.xib; path = RUReaderTableViewCell.xib; sourceTree = "<group>"; };
		A79BBE2518FF0B66007136B0 /* dtable.h */ = {isa = PBXFileReference; fileEncoding = 4; lastKnownFileType = sourcecode.c.h; path = dtable.h; sourceTree = "<group>"; };
		A79BBE2618FF0B66007136B0 /* dtable.m */ = {isa = PBXFileReference; fileEncoding = 4; lastKnownFileType = sourcecode.c.objc; path = dtable.m; sourceTree = "<group>"; };
		A79BBE3118FF1085007136B0 /* Reader.h */ = {isa = PBXFileReference; fileEncoding = 4; lastKnownFileType = sourcecode.c.h; path = Reader.h; sourceTree = "<group>"; };
		A79BBE3218FF1085007136B0 /* Reader.m */ = {isa = PBXFileReference; fileEncoding = 4; lastKnownFileType = sourcecode.c.objc; path = Reader.m; sourceTree = "<group>"; };
		A7B2D993190EDBAC003ABEA3 /* RUPlaceDetailTableViewController.h */ = {isa = PBXFileReference; fileEncoding = 4; lastKnownFileType = sourcecode.c.h; path = RUPlaceDetailTableViewController.h; sourceTree = "<group>"; };
		A7B2D994190EDBAC003ABEA3 /* RUPlaceDetailTableViewController.m */ = {isa = PBXFileReference; fileEncoding = 4; lastKnownFileType = sourcecode.c.objc; path = RUPlaceDetailTableViewController.m; sourceTree = "<group>"; };
		A7B2D996190EE7DF003ABEA3 /* TTTAddressFormatter.h */ = {isa = PBXFileReference; fileEncoding = 4; lastKnownFileType = sourcecode.c.h; path = TTTAddressFormatter.h; sourceTree = "<group>"; };
		A7B2D997190EE7DF003ABEA3 /* TTTAddressFormatter.m */ = {isa = PBXFileReference; fileEncoding = 4; lastKnownFileType = sourcecode.c.objc; path = TTTAddressFormatter.m; sourceTree = "<group>"; };
		A7B435E71912DFBB001FE8B6 /* RUFoodData.h */ = {isa = PBXFileReference; fileEncoding = 4; lastKnownFileType = sourcecode.c.h; path = RUFoodData.h; sourceTree = "<group>"; };
		A7B435E81912DFBB001FE8B6 /* RUFoodData.m */ = {isa = PBXFileReference; fileEncoding = 4; lastKnownFileType = sourcecode.c.objc; path = RUFoodData.m; sourceTree = "<group>"; };
		A7B435ED1912E286001FE8B6 /* RUFoodViewController.h */ = {isa = PBXFileReference; fileEncoding = 4; lastKnownFileType = sourcecode.c.h; path = RUFoodViewController.h; sourceTree = "<group>"; };
		A7B435EE1912E286001FE8B6 /* RUFoodViewController.m */ = {isa = PBXFileReference; fileEncoding = 4; lastKnownFileType = sourcecode.c.objc; path = RUFoodViewController.m; sourceTree = "<group>"; };
		A7B435F01912EB29001FE8B6 /* RUDiningHallViewController.h */ = {isa = PBXFileReference; fileEncoding = 4; lastKnownFileType = sourcecode.c.h; path = RUDiningHallViewController.h; sourceTree = "<group>"; };
		A7B435F11912EB29001FE8B6 /* RUDiningHallViewController.m */ = {isa = PBXFileReference; fileEncoding = 4; lastKnownFileType = sourcecode.c.objc; path = RUDiningHallViewController.m; sourceTree = "<group>"; };
		A7B435F31912EB4E001FE8B6 /* RUMealViewController.h */ = {isa = PBXFileReference; fileEncoding = 4; lastKnownFileType = sourcecode.c.h; path = RUMealViewController.h; sourceTree = "<group>"; };
		A7B435F41912EB4E001FE8B6 /* RUMealViewController.m */ = {isa = PBXFileReference; fileEncoding = 4; lastKnownFileType = sourcecode.c.objc; path = RUMealViewController.m; sourceTree = "<group>"; };
		A7B436661914C0F2001FE8B6 /* NSArray+RUBusStop.h */ = {isa = PBXFileReference; fileEncoding = 4; lastKnownFileType = sourcecode.c.h; path = "NSArray+RUBusStop.h"; sourceTree = "<group>"; };
		A7B436671914C0F2001FE8B6 /* NSArray+RUBusStop.m */ = {isa = PBXFileReference; fileEncoding = 4; lastKnownFileType = sourcecode.c.objc; path = "NSArray+RUBusStop.m"; sourceTree = "<group>"; };
		A7B970C1192075F40070A414 /* RUMapsData.h */ = {isa = PBXFileReference; fileEncoding = 4; lastKnownFileType = sourcecode.c.h; name = RUMapsData.h; path = Rutgers/RUMapsData.h; sourceTree = SOURCE_ROOT; };
		A7B970C2192075F40070A414 /* RUMapsData.m */ = {isa = PBXFileReference; fileEncoding = 4; lastKnownFileType = sourcecode.c.objc; name = RUMapsData.m; path = Rutgers/RUMapsData.m; sourceTree = SOURCE_ROOT; };
		A7B970C3192075F40070A414 /* RUMapsTileOverlay.h */ = {isa = PBXFileReference; fileEncoding = 4; lastKnownFileType = sourcecode.c.h; name = RUMapsTileOverlay.h; path = Rutgers/RUMapsTileOverlay.h; sourceTree = SOURCE_ROOT; };
		A7B970C4192075F40070A414 /* RUMapsTileOverlay.m */ = {isa = PBXFileReference; fileEncoding = 4; lastKnownFileType = sourcecode.c.objc; name = RUMapsTileOverlay.m; path = Rutgers/RUMapsTileOverlay.m; sourceTree = SOURCE_ROOT; };
		A7B970C5192075F40070A414 /* RUMapsViewController.h */ = {isa = PBXFileReference; fileEncoding = 4; lastKnownFileType = sourcecode.c.h; name = RUMapsViewController.h; path = Rutgers/RUMapsViewController.h; sourceTree = SOURCE_ROOT; };
		A7B970C6192075F40070A414 /* RUMapsViewController.m */ = {isa = PBXFileReference; fileEncoding = 4; lastKnownFileType = sourcecode.c.objc; name = RUMapsViewController.m; path = Rutgers/RUMapsViewController.m; sourceTree = SOURCE_ROOT; };
		A7B970CB19215F910070A414 /* RUNetworkManager.h */ = {isa = PBXFileReference; fileEncoding = 4; lastKnownFileType = sourcecode.c.h; path = RUNetworkManager.h; sourceTree = "<group>"; };
		A7B970CC19215F910070A414 /* RUNetworkManager.m */ = {isa = PBXFileReference; fileEncoding = 4; lastKnownFileType = sourcecode.c.objc; path = RUNetworkManager.m; sourceTree = "<group>"; };
		A7B970D01921603E0070A414 /* RUChannelManager.h */ = {isa = PBXFileReference; fileEncoding = 4; lastKnownFileType = sourcecode.c.h; path = RUChannelManager.h; sourceTree = "<group>"; };
		A7B970D11921603E0070A414 /* RUChannelManager.m */ = {isa = PBXFileReference; fileEncoding = 4; lastKnownFileType = sourcecode.c.objc; path = RUChannelManager.m; sourceTree = "<group>"; };
		A7CC988A1914D9FE00EB1BA0 /* iPhoneStoryboard.storyboard */ = {isa = PBXFileReference; fileEncoding = 4; lastKnownFileType = file.storyboard; path = iPhoneStoryboard.storyboard; sourceTree = "<group>"; };
		A7E8E12A192464870089F166 /* UIColor+RutgersColors.h */ = {isa = PBXFileReference; fileEncoding = 4; lastKnownFileType = sourcecode.c.h; path = "UIColor+RutgersColors.h"; sourceTree = "<group>"; };
		A7E8E12B192464870089F166 /* UIColor+RutgersColors.m */ = {isa = PBXFileReference; fileEncoding = 4; lastKnownFileType = sourcecode.c.objc; path = "UIColor+RutgersColors.m"; sourceTree = "<group>"; };
		A7E8E131192480A60089F166 /* www.h */ = {isa = PBXFileReference; fileEncoding = 4; lastKnownFileType = sourcecode.c.h; path = www.h; sourceTree = "<group>"; };
		A7E8E132192480A60089F166 /* www.m */ = {isa = PBXFileReference; fileEncoding = 4; lastKnownFileType = sourcecode.c.objc; path = www.m; sourceTree = "<group>"; };
		A7E8E135192484B00089F166 /* text.h */ = {isa = PBXFileReference; fileEncoding = 4; lastKnownFileType = sourcecode.c.h; path = text.h; sourceTree = "<group>"; };
		A7E8E136192484B00089F166 /* text.m */ = {isa = PBXFileReference; fileEncoding = 4; lastKnownFileType = sourcecode.c.objc; path = text.m; sourceTree = "<group>"; };
		A7E8E13A192547190089F166 /* RURootController.h */ = {isa = PBXFileReference; fileEncoding = 4; lastKnownFileType = sourcecode.c.h; path = RURootController.h; sourceTree = "<group>"; };
		A7E8E13B192547190089F166 /* RURootController.m */ = {isa = PBXFileReference; fileEncoding = 4; lastKnownFileType = sourcecode.c.objc; path = RURootController.m; sourceTree = "<group>"; };
		A7E8E13D192554260089F166 /* NSDictionary+Channel.h */ = {isa = PBXFileReference; fileEncoding = 4; lastKnownFileType = sourcecode.c.h; path = "NSDictionary+Channel.h"; sourceTree = "<group>"; };
		A7E8E13E192554260089F166 /* NSDictionary+Channel.m */ = {isa = PBXFileReference; fileEncoding = 4; lastKnownFileType = sourcecode.c.objc; path = "NSDictionary+Channel.m"; sourceTree = "<group>"; };
		A7E8E14419255E710089F166 /* RUSidePanelController.h */ = {isa = PBXFileReference; fileEncoding = 4; lastKnownFileType = sourcecode.c.h; path = RUSidePanelController.h; sourceTree = "<group>"; };
		A7E8E14519255E710089F166 /* RUSidePanelController.m */ = {isa = PBXFileReference; fileEncoding = 4; lastKnownFileType = sourcecode.c.objc; path = RUSidePanelController.m; sourceTree = "<group>"; };
		C262EFA8188345D10035C8F5 /* Rutgers.app */ = {isa = PBXFileReference; explicitFileType = wrapper.application; includeInIndex = 0; path = Rutgers.app; sourceTree = BUILT_PRODUCTS_DIR; };
		C262EFAB188345D10035C8F5 /* Foundation.framework */ = {isa = PBXFileReference; lastKnownFileType = wrapper.framework; name = Foundation.framework; path = System/Library/Frameworks/Foundation.framework; sourceTree = SDKROOT; };
		C262EFAD188345D10035C8F5 /* CoreGraphics.framework */ = {isa = PBXFileReference; lastKnownFileType = wrapper.framework; name = CoreGraphics.framework; path = System/Library/Frameworks/CoreGraphics.framework; sourceTree = SDKROOT; };
		C262EFAF188345D10035C8F5 /* UIKit.framework */ = {isa = PBXFileReference; lastKnownFileType = wrapper.framework; name = UIKit.framework; path = System/Library/Frameworks/UIKit.framework; sourceTree = SDKROOT; };
		C262EFB3188345D10035C8F5 /* Rutgers-Info.plist */ = {isa = PBXFileReference; lastKnownFileType = text.plist.xml; path = "Rutgers-Info.plist"; sourceTree = "<group>"; };
		C262EFB5188345D10035C8F5 /* en */ = {isa = PBXFileReference; lastKnownFileType = text.plist.strings; name = en; path = en.lproj/InfoPlist.strings; sourceTree = "<group>"; };
		C262EFB7188345D10035C8F5 /* main.m */ = {isa = PBXFileReference; lastKnownFileType = sourcecode.c.objc; path = main.m; sourceTree = "<group>"; };
		C262EFB9188345D10035C8F5 /* Rutgers-Prefix.pch */ = {isa = PBXFileReference; lastKnownFileType = sourcecode.c.h; path = "Rutgers-Prefix.pch"; sourceTree = "<group>"; };
		C262EFBA188345D10035C8F5 /* RUAppDelegate.h */ = {isa = PBXFileReference; lastKnownFileType = sourcecode.c.h; path = RUAppDelegate.h; sourceTree = "<group>"; };
		C262EFBB188345D10035C8F5 /* RUAppDelegate.m */ = {isa = PBXFileReference; lastKnownFileType = sourcecode.c.objc; path = RUAppDelegate.m; sourceTree = "<group>"; };
		C262EFBD188345D10035C8F5 /* Images.xcassets */ = {isa = PBXFileReference; lastKnownFileType = folder.assetcatalog; path = Images.xcassets; sourceTree = "<group>"; };
		C262EFC3188345D10035C8F5 /* RutgersTests.xctest */ = {isa = PBXFileReference; explicitFileType = wrapper.cfbundle; includeInIndex = 0; path = RutgersTests.xctest; sourceTree = BUILT_PRODUCTS_DIR; };
		C262EFC4188345D10035C8F5 /* XCTest.framework */ = {isa = PBXFileReference; lastKnownFileType = wrapper.framework; name = XCTest.framework; path = Library/Frameworks/XCTest.framework; sourceTree = DEVELOPER_DIR; };
		C262EFCC188345D10035C8F5 /* RutgersTests-Info.plist */ = {isa = PBXFileReference; lastKnownFileType = text.plist.xml; path = "RutgersTests-Info.plist"; sourceTree = "<group>"; };
		C262EFCE188345D10035C8F5 /* en */ = {isa = PBXFileReference; lastKnownFileType = text.plist.strings; name = en; path = en.lproj/InfoPlist.strings; sourceTree = "<group>"; };
		C262EFD0188345D10035C8F5 /* RutgersTests.m */ = {isa = PBXFileReference; lastKnownFileType = sourcecode.c.objc; path = RutgersTests.m; sourceTree = "<group>"; };
		C262EFDA1883473E0035C8F5 /* RUMenuViewController.h */ = {isa = PBXFileReference; fileEncoding = 4; lastKnownFileType = sourcecode.c.h; path = RUMenuViewController.h; sourceTree = "<group>"; };
		C262EFDB1883473E0035C8F5 /* RUMenuViewController.m */ = {isa = PBXFileReference; fileEncoding = 4; lastKnownFileType = sourcecode.c.objc; path = RUMenuViewController.m; sourceTree = "<group>"; };
/* End PBXFileReference section */

/* Begin PBXFrameworksBuildPhase section */
		C262EFA5188345D10035C8F5 /* Frameworks */ = {
			isa = PBXFrameworksBuildPhase;
			buildActionMask = 2147483647;
			files = (
				A7910E5819181847002DA45F /* MessageUI.framework in Frameworks */,
				A70810771906EE6E0087EB82 /* MapKit.framework in Frameworks */,
				C262EFAE188345D10035C8F5 /* CoreGraphics.framework in Frameworks */,
				C262EFB0188345D10035C8F5 /* UIKit.framework in Frameworks */,
				C262EFAC188345D10035C8F5 /* Foundation.framework in Frameworks */,
				6862BA48665649378AC0462B /* libPods.a in Frameworks */,
			);
			runOnlyForDeploymentPostprocessing = 0;
		};
		C262EFC0188345D10035C8F5 /* Frameworks */ = {
			isa = PBXFrameworksBuildPhase;
			buildActionMask = 2147483647;
			files = (
				C262EFC5188345D10035C8F5 /* XCTest.framework in Frameworks */,
				C262EFC7188345D10035C8F5 /* UIKit.framework in Frameworks */,
				C262EFC6188345D10035C8F5 /* Foundation.framework in Frameworks */,
			);
			runOnlyForDeploymentPostprocessing = 0;
		};
/* End PBXFrameworksBuildPhase section */

/* Begin PBXGroup section */
		A70810781906F87C0087EB82 /* ruplaces */ = {
			isa = PBXGroup;
			children = (
				A777C2AB190AF0DA00F978D7 /* RUPlacesTableViewController.h */,
				A777C2AC190AF0DA00F978D7 /* RUPlacesTableViewController.m */,
				A7B2D993190EDBAC003ABEA3 /* RUPlaceDetailTableViewController.h */,
				A7B2D994190EDBAC003ABEA3 /* RUPlaceDetailTableViewController.m */,
				A777C2AE190B35C400F978D7 /* RUPlacesData.h */,
				A777C2AF190B35C400F978D7 /* RUPlacesData.m */,
			);
			name = ruplaces;
			sourceTree = "<group>";
		};
		A73F48571905AAFE00978FD6 /* rubus */ = {
			isa = PBXGroup;
			children = (
				A73F485B1905AB8100978FD6 /* RUBusViewController.h */,
				A73F485C1905AB8100978FD6 /* RUBusViewController.m */,
				A75B0AA81909A0D200A57149 /* RUPredictionTableViewCell.h */,
				A75B0AA91909A0D200A57149 /* RUPredictionTableViewCell.m */,
				A75B0AAA1909A0D200A57149 /* RUPredictionTableViewCell.xib */,
				A75B0AA519098DD900A57149 /* RUPredictionsViewController.h */,
				A75B0AA619098DD900A57149 /* RUPredictionsViewController.m */,
				A708106D1906E00A0087EB82 /* RUBusData.h */,
				A708106E1906E00A0087EB82 /* RUBusData.m */,
				A70810701906E0260087EB82 /* RUBusStop.h */,
				A70810711906E0260087EB82 /* RUBusStop.m */,
				A7B436661914C0F2001FE8B6 /* NSArray+RUBusStop.h */,
				A7B436671914C0F2001FE8B6 /* NSArray+RUBusStop.m */,
				A70810731906E02D0087EB82 /* RUBusRoute.h */,
				A70810741906E02D0087EB82 /* RUBusRoute.m */,
			);
			name = rubus;
			sourceTree = "<group>";
		};
		A75B0AAD1909A3EA00A57149 /* common */ = {
			isa = PBXGroup;
			children = (
				A76992BC1934E624008C64EE /* Eztableview */,
				A7E8E12D192464970089F166 /* Utils */,
				A7B970D3192161B10070A414 /* Components */,
				A7B970CF1921601E0070A414 /* dtable */,
				A7B970CE192160180070A414 /* Reader */,
				A7E8E1341924846F0089F166 /* text */,
				A7E8E13919249FEB0089F166 /* www */,
				A748ECEB191602C400CB91FF /* RULocationManager.h */,
				A748ECEC191602C400CB91FF /* RULocationManager.m */,
				A7B970CB19215F910070A414 /* RUNetworkManager.h */,
				A7B970CC19215F910070A414 /* RUNetworkManager.m */,
				A777C2B1190C243100F978D7 /* rockoff.gpx */,
				A777C2B3190C248500F978D7 /* barr.gpx */,
				A704C7851922AF7F00ED9E36 /* Channels.json */,
			);
			name = common;
			sourceTree = "<group>";
		};
		A76992BC1934E624008C64EE /* Eztableview */ = {
			isa = PBXGroup;
			children = (
				A76992BD1934E63D008C64EE /* EZTableViewSection.m */,
				A76992BE1934E63D008C64EE /* EZTableViewSection.h */,
				A76992BF1934E63D008C64EE /* EZTableViewRow.m */,
				A76992C01934E63D008C64EE /* EZTableViewRow.h */,
				A76992C11934E63D008C64EE /* EZTableViewController.m */,
				A76992C21934E63D008C64EE /* EZTableViewController.h */,
				A76992C31934E63D008C64EE /* EZTableViewCell.m */,
				A76992C41934E63D008C64EE /* EZTableViewCell.h */,
				A76992C61934E63D008C64EE /* EZTableViewAbstractCell.h */,
				A76992C51934E63D008C64EE /* EZTableViewAbstractCell.m */,
			);
			name = Eztableview;
			sourceTree = "<group>";
		};
		A76993111934EFF1008C64EE /* view */ = {
			isa = PBXGroup;
			children = (
				A76993011934E9C1008C64EE /* RURecCenterHoursHeaderTableViewCell.h */,
				A76993021934E9C1008C64EE /* RURecCenterHoursHeaderTableViewCell.m */,
				A76993071934E9C1008C64EE /* RURecCenterMeetingAreaTableViewCell.h */,
				A76993081934E9C1008C64EE /* RURecCenterMeetingAreaTableViewCell.m */,
			);
			name = view;
			sourceTree = "<group>";
		};
		A77028A5191C8880003F5D28 /* rumaps */ = {
			isa = PBXGroup;
			children = (
				A7B970C1192075F40070A414 /* RUMapsData.h */,
				A7B970C2192075F40070A414 /* RUMapsData.m */,
				A7B970C3192075F40070A414 /* RUMapsTileOverlay.h */,
				A7B970C4192075F40070A414 /* RUMapsTileOverlay.m */,
				A7B970C5192075F40070A414 /* RUMapsViewController.h */,
				A7B970C6192075F40070A414 /* RUMapsViewController.m */,
			);
			name = rumaps;
			path = ../Pods/ruinfo;
			sourceTree = "<group>";
		};
		A7910E5919182008002DA45F /* rurecreation */ = {
			isa = PBXGroup;
			children = (
				A76993111934EFF1008C64EE /* view */,
				A76993031934E9C1008C64EE /* RURecCenterHoursSection.h */,
				A76993041934E9C1008C64EE /* RURecCenterHoursSection.m */,
				A76992FF1934E9C1008C64EE /* RURecCenterHoursHeaderRow.h */,
				A76993001934E9C1008C64EE /* RURecCenterHoursHeaderRow.m */,
				A76993051934E9C1008C64EE /* RURecCenterMeetingAreaRow.h */,
				A76993061934E9C1008C64EE /* RURecCenterMeetingAreaRow.m */,
				A76993181934F10E008C64EE /* RURecCenterViewController.h */,
				A76993191934F10E008C64EE /* RURecCenterViewController.m */,
				A76993121934F08C008C64EE /* recreation.h */,
				A76993131934F08C008C64EE /* recreation.m */,
			);
			name = rurecreation;
			path = ../Pods/ruinfo;
			sourceTree = "<group>";
		};
		A7B2D98F190ED654003ABEA3 /* rufood */ = {
			isa = PBXGroup;
			children = (
				A77028B2191EC2BA003F5D28 /* RUNutritionLabelViewController.h */,
				A77028B3191EC2BA003F5D28 /* RUNutritionLabelViewController.m */,
				A7B435F31912EB4E001FE8B6 /* RUMealViewController.h */,
				A7B435F41912EB4E001FE8B6 /* RUMealViewController.m */,
				A7B435ED1912E286001FE8B6 /* RUFoodViewController.h */,
				A7B435EE1912E286001FE8B6 /* RUFoodViewController.m */,
				A7B435F01912EB29001FE8B6 /* RUDiningHallViewController.h */,
				A7B435F11912EB29001FE8B6 /* RUDiningHallViewController.m */,
				A7B435E71912DFBB001FE8B6 /* RUFoodData.h */,
				A7B435E81912DFBB001FE8B6 /* RUFoodData.m */,
			);
			name = rufood;
			sourceTree = "<group>";
		};
		A7B970CE192160180070A414 /* Reader */ = {
			isa = PBXGroup;
			children = (
				A79BBE3118FF1085007136B0 /* Reader.h */,
				A79BBE3218FF1085007136B0 /* Reader.m */,
				A794EBE819005D91006E040C /* RUReaderTableViewCell.h */,
				A794EBE919005D91006E040C /* RUReaderTableViewCell.m */,
				A794EBEA19005D91006E040C /* RUReaderTableViewCell.xib */,
			);
			name = Reader;
			sourceTree = "<group>";
		};
		A7B970CF1921601E0070A414 /* dtable */ = {
			isa = PBXGroup;
			children = (
				A79BBE2518FF0B66007136B0 /* dtable.h */,
				A79BBE2618FF0B66007136B0 /* dtable.m */,
			);
			name = dtable;
			sourceTree = "<group>";
		};
		A7B970D3192161B10070A414 /* Components */ = {
			isa = PBXGroup;
			children = (
				A7B970D01921603E0070A414 /* RUChannelManager.h */,
				A7B970D11921603E0070A414 /* RUChannelManager.m */,
				A704C7821921E9EE00ED9E36 /* RUComponentProtocol.h */,
			);
			name = Components;
			sourceTree = "<group>";
		};
		A7E8E12D192464970089F166 /* Utils */ = {
			isa = PBXGroup;
			children = (
				A769931B19350FB9008C64EE /* NSUserDefaults+MKMapRect.h */,
				A769931C19350FB9008C64EE /* NSUserDefaults+MKMapRect.m */,
				A7E8E13D192554260089F166 /* NSDictionary+Channel.h */,
				A7E8E13E192554260089F166 /* NSDictionary+Channel.m */,
				A748ECE81915D78F00CB91FF /* NSDictionary+FilterDictionary.h */,
				A748ECE91915D78F00CB91FF /* NSDictionary+FilterDictionary.m */,
				A7E8E12A192464870089F166 /* UIColor+RutgersColors.h */,
				A7E8E12B192464870089F166 /* UIColor+RutgersColors.m */,
				A73248F5190E2B8F008DF9A8 /* AFXMLResponseSerializer.h */,
				A73248F6190E2B8F008DF9A8 /* AFXMLResponseSerializer.m */,
				A7B2D996190EE7DF003ABEA3 /* TTTAddressFormatter.h */,
				A7B2D997190EE7DF003ABEA3 /* TTTAddressFormatter.m */,
			);
			name = Utils;
			sourceTree = "<group>";
		};
		A7E8E1341924846F0089F166 /* text */ = {
			isa = PBXGroup;
			children = (
				A7E8E135192484B00089F166 /* text.h */,
				A7E8E136192484B00089F166 /* text.m */,
			);
			name = text;
			sourceTree = "<group>";
		};
		A7E8E13919249FEB0089F166 /* www */ = {
			isa = PBXGroup;
			children = (
				A7E8E131192480A60089F166 /* www.h */,
				A7E8E132192480A60089F166 /* www.m */,
			);
			name = www;
			sourceTree = "<group>";
		};
		A7E8E14319255E580089F166 /* initial view */ = {
			isa = PBXGroup;
			children = (
				C262EFDA1883473E0035C8F5 /* RUMenuViewController.h */,
				C262EFDB1883473E0035C8F5 /* RUMenuViewController.m */,
				A7E8E13A192547190089F166 /* RURootController.h */,
				A7E8E13B192547190089F166 /* RURootController.m */,
				A7E8E14419255E710089F166 /* RUSidePanelController.h */,
				A7E8E14519255E710089F166 /* RUSidePanelController.m */,
			);
			name = "initial view";
			sourceTree = "<group>";
		};
		C262EF9F188345D10035C8F5 = {
			isa = PBXGroup;
			children = (
				C262EFB1188345D10035C8F5 /* Rutgers */,
				C262EFCA188345D10035C8F5 /* RutgersTests */,
				C262EFAA188345D10035C8F5 /* Frameworks */,
				C262EFA9188345D10035C8F5 /* Products */,
				6DB61C3F48194968B9D64C1C /* Pods.xcconfig */,
			);
			sourceTree = "<group>";
		};
		C262EFA9188345D10035C8F5 /* Products */ = {
			isa = PBXGroup;
			children = (
				C262EFA8188345D10035C8F5 /* Rutgers.app */,
				C262EFC3188345D10035C8F5 /* RutgersTests.xctest */,
			);
			name = Products;
			sourceTree = "<group>";
		};
		C262EFAA188345D10035C8F5 /* Frameworks */ = {
			isa = PBXGroup;
			children = (
				A7910E5719181847002DA45F /* MessageUI.framework */,
				A70810761906EE6E0087EB82 /* MapKit.framework */,
				C262EFAB188345D10035C8F5 /* Foundation.framework */,
				C262EFAD188345D10035C8F5 /* CoreGraphics.framework */,
				C262EFAF188345D10035C8F5 /* UIKit.framework */,
				C262EFC4188345D10035C8F5 /* XCTest.framework */,
				2127C0710965413FBE553ECA /* libPods.a */,
			);
			name = Frameworks;
			sourceTree = "<group>";
		};
		C262EFB1188345D10035C8F5 /* Rutgers */ = {
			isa = PBXGroup;
			children = (
				A7CC988A1914D9FE00EB1BA0 /* iPhoneStoryboard.storyboard */,
				A75B0AAD1909A3EA00A57149 /* common */,
				A7B2D98F190ED654003ABEA3 /* rufood */,
				A70810781906F87C0087EB82 /* ruplaces */,
				A73F48571905AAFE00978FD6 /* rubus */,
				A7910E5919182008002DA45F /* rurecreation */,
				A77028A5191C8880003F5D28 /* rumaps */,
				A7E8E14319255E580089F166 /* initial view */,
				C262EFBA188345D10035C8F5 /* RUAppDelegate.h */,
				C262EFBB188345D10035C8F5 /* RUAppDelegate.m */,
				C262EFBD188345D10035C8F5 /* Images.xcassets */,
				C262EFB2188345D10035C8F5 /* Supporting Files */,
			);
			path = Rutgers;
			sourceTree = "<group>";
		};
		C262EFB2188345D10035C8F5 /* Supporting Files */ = {
			isa = PBXGroup;
			children = (
				C262EFB3188345D10035C8F5 /* Rutgers-Info.plist */,
				C262EFB4188345D10035C8F5 /* InfoPlist.strings */,
				C262EFB7188345D10035C8F5 /* main.m */,
				C262EFB9188345D10035C8F5 /* Rutgers-Prefix.pch */,
			);
			name = "Supporting Files";
			sourceTree = "<group>";
		};
		C262EFCA188345D10035C8F5 /* RutgersTests */ = {
			isa = PBXGroup;
			children = (
				C262EFD0188345D10035C8F5 /* RutgersTests.m */,
				C262EFCB188345D10035C8F5 /* Supporting Files */,
			);
			path = RutgersTests;
			sourceTree = "<group>";
		};
		C262EFCB188345D10035C8F5 /* Supporting Files */ = {
			isa = PBXGroup;
			children = (
				C262EFCC188345D10035C8F5 /* RutgersTests-Info.plist */,
				C262EFCD188345D10035C8F5 /* InfoPlist.strings */,
			);
			name = "Supporting Files";
			sourceTree = "<group>";
		};
/* End PBXGroup section */

/* Begin PBXNativeTarget section */
		C262EFA7188345D10035C8F5 /* Rutgers */ = {
			isa = PBXNativeTarget;
			buildConfigurationList = C262EFD4188345D10035C8F5 /* Build configuration list for PBXNativeTarget "Rutgers" */;
			buildPhases = (
				027474BDB74F4A8B95CB6031 /* Check Pods Manifest.lock */,
				C262EFA4188345D10035C8F5 /* Sources */,
				C262EFA5188345D10035C8F5 /* Frameworks */,
				C262EFA6188345D10035C8F5 /* Resources */,
				F64F9DA88AFF4B3A8763F4C1 /* Copy Pods Resources */,
			);
			buildRules = (
			);
			dependencies = (
			);
			name = Rutgers;
			productName = Rutgers;
			productReference = C262EFA8188345D10035C8F5 /* Rutgers.app */;
			productType = "com.apple.product-type.application";
		};
		C262EFC2188345D10035C8F5 /* RutgersTests */ = {
			isa = PBXNativeTarget;
			buildConfigurationList = C262EFD7188345D10035C8F5 /* Build configuration list for PBXNativeTarget "RutgersTests" */;
			buildPhases = (
				C262EFBF188345D10035C8F5 /* Sources */,
				C262EFC0188345D10035C8F5 /* Frameworks */,
				C262EFC1188345D10035C8F5 /* Resources */,
			);
			buildRules = (
			);
			dependencies = (
				C262EFC9188345D10035C8F5 /* PBXTargetDependency */,
			);
			name = RutgersTests;
			productName = RutgersTests;
			productReference = C262EFC3188345D10035C8F5 /* RutgersTests.xctest */;
			productType = "com.apple.product-type.bundle.unit-test";
		};
/* End PBXNativeTarget section */

/* Begin PBXProject section */
		C262EFA0188345D10035C8F5 /* Project object */ = {
			isa = PBXProject;
			attributes = {
				CLASSPREFIX = RU;
				LastUpgradeCheck = 0510;
				ORGANIZATIONNAME = Rutgers;
				TargetAttributes = {
					C262EFA7188345D10035C8F5 = {
						DevelopmentTeam = 43YR78874Z;
					};
					C262EFC2188345D10035C8F5 = {
						TestTargetID = C262EFA7188345D10035C8F5;
					};
				};
			};
			buildConfigurationList = C262EFA3188345D10035C8F5 /* Build configuration list for PBXProject "Rutgers" */;
			compatibilityVersion = "Xcode 3.2";
			developmentRegion = English;
			hasScannedForEncodings = 0;
			knownRegions = (
				en,
			);
			mainGroup = C262EF9F188345D10035C8F5;
			productRefGroup = C262EFA9188345D10035C8F5 /* Products */;
			projectDirPath = "";
			projectRoot = "";
			targets = (
				C262EFA7188345D10035C8F5 /* Rutgers */,
				C262EFC2188345D10035C8F5 /* RutgersTests */,
			);
		};
/* End PBXProject section */

/* Begin PBXResourcesBuildPhase section */
		C262EFA6188345D10035C8F5 /* Resources */ = {
			isa = PBXResourcesBuildPhase;
			buildActionMask = 2147483647;
			files = (
				A794EBEC19005D91006E040C /* RUReaderTableViewCell.xib in Resources */,
				A704C7861922AF7F00ED9E36 /* Channels.json in Resources */,
				A777C2B2190C243100F978D7 /* rockoff.gpx in Resources */,
				A777C2B4190C248500F978D7 /* barr.gpx in Resources */,
				A75B0AAC1909A0D200A57149 /* RUPredictionTableViewCell.xib in Resources */,
				C262EFB6188345D10035C8F5 /* InfoPlist.strings in Resources */,
				A7CC988B1914D9FE00EB1BA0 /* iPhoneStoryboard.storyboard in Resources */,
				C262EFBE188345D10035C8F5 /* Images.xcassets in Resources */,
			);
			runOnlyForDeploymentPostprocessing = 0;
		};
		C262EFC1188345D10035C8F5 /* Resources */ = {
			isa = PBXResourcesBuildPhase;
			buildActionMask = 2147483647;
			files = (
				C262EFCF188345D10035C8F5 /* InfoPlist.strings in Resources */,
			);
			runOnlyForDeploymentPostprocessing = 0;
		};
/* End PBXResourcesBuildPhase section */

/* Begin PBXShellScriptBuildPhase section */
		027474BDB74F4A8B95CB6031 /* Check Pods Manifest.lock */ = {
			isa = PBXShellScriptBuildPhase;
			buildActionMask = 2147483647;
			files = (
			);
			inputPaths = (
			);
			name = "Check Pods Manifest.lock";
			outputPaths = (
			);
			runOnlyForDeploymentPostprocessing = 0;
			shellPath = /bin/sh;
			shellScript = "diff \"${PODS_ROOT}/../Podfile.lock\" \"${PODS_ROOT}/Manifest.lock\" > /dev/null\nif [[ $? != 0 ]] ; then\n    cat << EOM\nerror: The sandbox is not in sync with the Podfile.lock. Run 'pod install' or update your CocoaPods installation.\nEOM\n    exit 1\nfi\n";
			showEnvVarsInLog = 0;
		};
		F64F9DA88AFF4B3A8763F4C1 /* Copy Pods Resources */ = {
			isa = PBXShellScriptBuildPhase;
			buildActionMask = 2147483647;
			files = (
			);
			inputPaths = (
			);
			name = "Copy Pods Resources";
			outputPaths = (
			);
			runOnlyForDeploymentPostprocessing = 0;
			shellPath = /bin/sh;
			shellScript = "\"${SRCROOT}/Pods/Pods-resources.sh\"\n";
			showEnvVarsInLog = 0;
		};
/* End PBXShellScriptBuildPhase section */

/* Begin PBXSourcesBuildPhase section */
		C262EFA4188345D10035C8F5 /* Sources */ = {
			isa = PBXSourcesBuildPhase;
			buildActionMask = 2147483647;
			files = (
				A7E8E13F192554260089F166 /* NSDictionary+Channel.m in Sources */,
				A7E8E133192480A60089F166 /* www.m in Sources */,
				A73248F7190E2B8F008DF9A8 /* AFXMLResponseSerializer.m in Sources */,
				C262EFB8188345D10035C8F5 /* main.m in Sources */,
				A79BBE3318FF1085007136B0 /* Reader.m in Sources */,
				A76992C71934E63D008C64EE /* EZTableViewSection.m in Sources */,
				A769930F1934E9C1008C64EE /* RURecCenterMeetingAreaTableViewCell.m in Sources */,
				A7E8E14619255E710089F166 /* RUSidePanelController.m in Sources */,
				C262EFDC1883473E0035C8F5 /* RUMenuViewController.m in Sources */,
				C262EFBC188345D10035C8F5 /* RUAppDelegate.m in Sources */,
				A76992CB1934E63D008C64EE /* EZTableViewAbstractCell.m in Sources */,
				A794EBEB19005D91006E040C /* RUReaderTableViewCell.m in Sources */,
				A7E8E137192484B00089F166 /* text.m in Sources */,
				A7B435EF1912E286001FE8B6 /* RUFoodViewController.m in Sources */,
				A7B970D21921603E0070A414 /* RUChannelManager.m in Sources */,
				A76992C81934E63D008C64EE /* EZTableViewRow.m in Sources */,
				A7B970C9192075F40070A414 /* RUMapsTileOverlay.m in Sources */,
				A77028B4191EC2BA003F5D28 /* RUNutritionLabelViewController.m in Sources */,
				A769930D1934E9C1008C64EE /* RURecCenterHoursSection.m in Sources */,
				A777C2B0190B35C400F978D7 /* RUPlacesData.m in Sources */,
				A7E8E13C192547190089F166 /* RURootController.m in Sources */,
				A76992C91934E63D008C64EE /* EZTableViewController.m in Sources */,
				A70810721906E0260087EB82 /* RUBusStop.m in Sources */,
				A769930B1934E9C1008C64EE /* RURecCenterHoursHeaderRow.m in Sources */,
				A769930C1934E9C1008C64EE /* RURecCenterHoursHeaderTableViewCell.m in Sources */,
				A769931D19350FB9008C64EE /* NSUserDefaults+MKMapRect.m in Sources */,
				A7B970CA192075F40070A414 /* RUMapsViewController.m in Sources */,
				A7B2D998190EE7DF003ABEA3 /* TTTAddressFormatter.m in Sources */,
				A708106F1906E00A0087EB82 /* RUBusData.m in Sources */,
				A7B970CD19215F910070A414 /* RUNetworkManager.m in Sources */,
				A7B435E91912DFBB001FE8B6 /* RUFoodData.m in Sources */,
				A777C2AD190AF0DA00F978D7 /* RUPlacesTableViewController.m in Sources */,
				A769931A1934F10E008C64EE /* RURecCenterViewController.m in Sources */,
				A7B435F21912EB29001FE8B6 /* RUDiningHallViewController.m in Sources */,
				A70810751906E02D0087EB82 /* RUBusRoute.m in Sources */,
				A748ECEA1915D78F00CB91FF /* NSDictionary+FilterDictionary.m in Sources */,
				A75B0AAB1909A0D200A57149 /* RUPredictionTableViewCell.m in Sources */,
				A748ECED191602C400CB91FF /* RULocationManager.m in Sources */,
				A7E8E12C192464870089F166 /* UIColor+RutgersColors.m in Sources */,
				A73F485D1905AB8100978FD6 /* RUBusViewController.m in Sources */,
				A769930E1934E9C1008C64EE /* RURecCenterMeetingAreaRow.m in Sources */,
				A75B0AA719098DD900A57149 /* RUPredictionsViewController.m in Sources */,
				A79BBE2718FF0B66007136B0 /* dtable.m in Sources */,
				A7B2D995190EDBAC003ABEA3 /* RUPlaceDetailTableViewController.m in Sources */,
				A7B435F51912EB4E001FE8B6 /* RUMealViewController.m in Sources */,
				A7B970C8192075F40070A414 /* RUMapsData.m in Sources */,
				A76993141934F08C008C64EE /* recreation.m in Sources */,
				A76992CA1934E63D008C64EE /* EZTableViewCell.m in Sources */,
				A7B436681914C0F2001FE8B6 /* NSArray+RUBusStop.m in Sources */,
			);
			runOnlyForDeploymentPostprocessing = 0;
		};
		C262EFBF188345D10035C8F5 /* Sources */ = {
			isa = PBXSourcesBuildPhase;
			buildActionMask = 2147483647;
			files = (
				C262EFD1188345D10035C8F5 /* RutgersTests.m in Sources */,
			);
			runOnlyForDeploymentPostprocessing = 0;
		};
/* End PBXSourcesBuildPhase section */

/* Begin PBXTargetDependency section */
		C262EFC9188345D10035C8F5 /* PBXTargetDependency */ = {
			isa = PBXTargetDependency;
			target = C262EFA7188345D10035C8F5 /* Rutgers */;
			targetProxy = C262EFC8188345D10035C8F5 /* PBXContainerItemProxy */;
		};
/* End PBXTargetDependency section */

/* Begin PBXVariantGroup section */
		C262EFB4188345D10035C8F5 /* InfoPlist.strings */ = {
			isa = PBXVariantGroup;
			children = (
				C262EFB5188345D10035C8F5 /* en */,
			);
			name = InfoPlist.strings;
			sourceTree = "<group>";
		};
		C262EFCD188345D10035C8F5 /* InfoPlist.strings */ = {
			isa = PBXVariantGroup;
			children = (
				C262EFCE188345D10035C8F5 /* en */,
			);
			name = InfoPlist.strings;
			sourceTree = "<group>";
		};
/* End PBXVariantGroup section */

/* Begin XCBuildConfiguration section */
		C262EFD2188345D10035C8F5 /* Debug */ = {
			isa = XCBuildConfiguration;
			buildSettings = {
				ALWAYS_SEARCH_USER_PATHS = NO;
				CLANG_CXX_LANGUAGE_STANDARD = "gnu++0x";
				CLANG_CXX_LIBRARY = "libc++";
				CLANG_ENABLE_MODULES = YES;
				CLANG_ENABLE_OBJC_ARC = YES;
				CLANG_WARN_BOOL_CONVERSION = YES;
				CLANG_WARN_CONSTANT_CONVERSION = YES;
				CLANG_WARN_DIRECT_OBJC_ISA_USAGE = YES_ERROR;
				CLANG_WARN_EMPTY_BODY = YES;
				CLANG_WARN_ENUM_CONVERSION = YES;
				CLANG_WARN_INT_CONVERSION = YES;
				CLANG_WARN_OBJC_ROOT_CLASS = YES_ERROR;
				CLANG_WARN__DUPLICATE_METHOD_MATCH = YES;
				"CODE_SIGN_IDENTITY[sdk=iphoneos*]" = "iPhone Developer";
				COPY_PHASE_STRIP = NO;
				GCC_C_LANGUAGE_STANDARD = gnu99;
				GCC_DYNAMIC_NO_PIC = NO;
				GCC_OPTIMIZATION_LEVEL = 0;
				GCC_PREPROCESSOR_DEFINITIONS = (
					"DEBUG=1",
					"$(inherited)",
				);
				GCC_SYMBOLS_PRIVATE_EXTERN = NO;
				GCC_WARN_64_TO_32_BIT_CONVERSION = YES;
				GCC_WARN_ABOUT_RETURN_TYPE = YES_ERROR;
				GCC_WARN_UNDECLARED_SELECTOR = YES;
				GCC_WARN_UNINITIALIZED_AUTOS = YES;
				GCC_WARN_UNUSED_FUNCTION = YES;
				GCC_WARN_UNUSED_VARIABLE = YES;
				IPHONEOS_DEPLOYMENT_TARGET = 7.0;
				ONLY_ACTIVE_ARCH = YES;
				SDKROOT = iphoneos;
				TARGETED_DEVICE_FAMILY = "1,2";
			};
			name = Debug;
		};
		C262EFD3188345D10035C8F5 /* Release */ = {
			isa = XCBuildConfiguration;
			buildSettings = {
				ALWAYS_SEARCH_USER_PATHS = NO;
				CLANG_CXX_LANGUAGE_STANDARD = "gnu++0x";
				CLANG_CXX_LIBRARY = "libc++";
				CLANG_ENABLE_MODULES = YES;
				CLANG_ENABLE_OBJC_ARC = YES;
				CLANG_WARN_BOOL_CONVERSION = YES;
				CLANG_WARN_CONSTANT_CONVERSION = YES;
				CLANG_WARN_DIRECT_OBJC_ISA_USAGE = YES_ERROR;
				CLANG_WARN_EMPTY_BODY = YES;
				CLANG_WARN_ENUM_CONVERSION = YES;
				CLANG_WARN_INT_CONVERSION = YES;
				CLANG_WARN_OBJC_ROOT_CLASS = YES_ERROR;
				CLANG_WARN__DUPLICATE_METHOD_MATCH = YES;
				"CODE_SIGN_IDENTITY[sdk=iphoneos*]" = "iPhone Developer";
				COPY_PHASE_STRIP = YES;
				ENABLE_NS_ASSERTIONS = NO;
				GCC_C_LANGUAGE_STANDARD = gnu99;
				GCC_WARN_64_TO_32_BIT_CONVERSION = YES;
				GCC_WARN_ABOUT_RETURN_TYPE = YES_ERROR;
				GCC_WARN_UNDECLARED_SELECTOR = YES;
				GCC_WARN_UNINITIALIZED_AUTOS = YES;
				GCC_WARN_UNUSED_FUNCTION = YES;
				GCC_WARN_UNUSED_VARIABLE = YES;
				IPHONEOS_DEPLOYMENT_TARGET = 7.0;
				SDKROOT = iphoneos;
				TARGETED_DEVICE_FAMILY = "1,2";
				VALIDATE_PRODUCT = YES;
			};
			name = Release;
		};
		C262EFD5188345D10035C8F5 /* Debug */ = {
			isa = XCBuildConfiguration;
			baseConfigurationReference = 6DB61C3F48194968B9D64C1C /* Pods.xcconfig */;
			buildSettings = {
				ASSETCATALOG_COMPILER_APPICON_NAME = AppIcon;
				ASSETCATALOG_COMPILER_LAUNCHIMAGE_NAME = LaunchImage;
				CODE_SIGN_IDENTITY = "iPhone Developer";
				"CODE_SIGN_IDENTITY[sdk=iphoneos*]" = "iPhone Developer";
				GCC_PRECOMPILE_PREFIX_HEADER = YES;
				GCC_PREFIX_HEADER = "Rutgers/Rutgers-Prefix.pch";
				INFOPLIST_FILE = "Rutgers/Rutgers-Info.plist";
				PRODUCT_NAME = "$(TARGET_NAME)";
				PROVISIONING_PROFILE = "";
				WRAPPER_EXTENSION = app;
			};
			name = Debug;
		};
		C262EFD6188345D10035C8F5 /* Release */ = {
			isa = XCBuildConfiguration;
			baseConfigurationReference = 6DB61C3F48194968B9D64C1C /* Pods.xcconfig */;
			buildSettings = {
				ASSETCATALOG_COMPILER_APPICON_NAME = AppIcon;
				ASSETCATALOG_COMPILER_LAUNCHIMAGE_NAME = LaunchImage;
				CODE_SIGN_IDENTITY = "iPhone Developer";
				"CODE_SIGN_IDENTITY[sdk=iphoneos*]" = "iPhone Developer";
				GCC_PRECOMPILE_PREFIX_HEADER = YES;
				GCC_PREFIX_HEADER = "Rutgers/Rutgers-Prefix.pch";
				INFOPLIST_FILE = "Rutgers/Rutgers-Info.plist";
				PRODUCT_NAME = "$(TARGET_NAME)";
				PROVISIONING_PROFILE = "";
				WRAPPER_EXTENSION = app;
			};
			name = Release;
		};
		C262EFD8188345D10035C8F5 /* Debug */ = {
			isa = XCBuildConfiguration;
			buildSettings = {
				BUNDLE_LOADER = "$(BUILT_PRODUCTS_DIR)/Rutgers.app/Rutgers";
				FRAMEWORK_SEARCH_PATHS = (
					"$(SDKROOT)/Developer/Library/Frameworks",
					"$(inherited)",
					"$(DEVELOPER_FRAMEWORKS_DIR)",
				);
				GCC_PRECOMPILE_PREFIX_HEADER = YES;
				GCC_PREFIX_HEADER = "Rutgers/Rutgers-Prefix.pch";
				GCC_PREPROCESSOR_DEFINITIONS = (
					"DEBUG=1",
					"$(inherited)",
				);
				INFOPLIST_FILE = "RutgersTests/RutgersTests-Info.plist";
				PRODUCT_NAME = "$(TARGET_NAME)";
				TEST_HOST = "$(BUNDLE_LOADER)";
				WRAPPER_EXTENSION = xctest;
			};
			name = Debug;
		};
		C262EFD9188345D10035C8F5 /* Release */ = {
			isa = XCBuildConfiguration;
			buildSettings = {
				BUNDLE_LOADER = "$(BUILT_PRODUCTS_DIR)/Rutgers.app/Rutgers";
				FRAMEWORK_SEARCH_PATHS = (
					"$(SDKROOT)/Developer/Library/Frameworks",
					"$(inherited)",
					"$(DEVELOPER_FRAMEWORKS_DIR)",
				);
				GCC_PRECOMPILE_PREFIX_HEADER = YES;
				GCC_PREFIX_HEADER = "Rutgers/Rutgers-Prefix.pch";
				INFOPLIST_FILE = "RutgersTests/RutgersTests-Info.plist";
				PRODUCT_NAME = "$(TARGET_NAME)";
				TEST_HOST = "$(BUNDLE_LOADER)";
				WRAPPER_EXTENSION = xctest;
			};
			name = Release;
		};
/* End XCBuildConfiguration section */

/* Begin XCConfigurationList section */
		C262EFA3188345D10035C8F5 /* Build configuration list for PBXProject "Rutgers" */ = {
			isa = XCConfigurationList;
			buildConfigurations = (
				C262EFD2188345D10035C8F5 /* Debug */,
				C262EFD3188345D10035C8F5 /* Release */,
			);
			defaultConfigurationIsVisible = 0;
			defaultConfigurationName = Release;
		};
		C262EFD4188345D10035C8F5 /* Build configuration list for PBXNativeTarget "Rutgers" */ = {
			isa = XCConfigurationList;
			buildConfigurations = (
				C262EFD5188345D10035C8F5 /* Debug */,
				C262EFD6188345D10035C8F5 /* Release */,
			);
			defaultConfigurationIsVisible = 0;
			defaultConfigurationName = Release;
		};
		C262EFD7188345D10035C8F5 /* Build configuration list for PBXNativeTarget "RutgersTests" */ = {
			isa = XCConfigurationList;
			buildConfigurations = (
				C262EFD8188345D10035C8F5 /* Debug */,
				C262EFD9188345D10035C8F5 /* Release */,
			);
			defaultConfigurationIsVisible = 0;
			defaultConfigurationName = Release;
		};
/* End XCConfigurationList section */
	};
	rootObject = C262EFA0188345D10035C8F5 /* Project object */;
}
